
Microsoft Visual Studio Solution File, Format Version 12.00
# Visual Studio Version 16
VisualStudioVersion = 16.0.32802.440
MinimumVisualStudioVersion = 10.0.40219.1
Project("{FAE04EC0-301F-11D3-BF4B-00C04F79EFBC}") = "web-lr8", "web-lr8\web-lr8.csproj", "{62DAE21D-32FB-43B8-B121-16D978A44CCF}"
EndProject
Global
	GlobalSection(SolutionConfigurationPlatforms) = preSolution
		Debug|Any CPU = Debug|Any CPU
		Release|Any CPU = Release|Any CPU
	EndGlobalSection
	GlobalSection(ProjectConfigurationPlatforms) = postSolution
		{62DAE21D-32FB-43B8-B121-16D978A44CCF}.Debug|Any CPU.ActiveCfg = Debug|Any CPU
		{62DAE21D-32FB-43B8-B121-16D978A44CCF}.Debug|Any CPU.Build.0 = Debug|Any CPU
		{62DAE21D-32FB-43B8-B121-16D978A44CCF}.Release|Any CPU.ActiveCfg = Release|Any CPU
		{62DAE21D-32FB-43B8-B121-16D978A44CCF}.Release|Any CPU.Build.0 = Release|Any CPU
	EndGlobalSection
	GlobalSection(SolutionProperties) = preSolution
		HideSolutionNode = FALSE
	EndGlobalSection
	GlobalSection(ExtensibilityGlobals) = postSolution
		SolutionGuid = {A0BF0F5C-6985-4019-BF84-55409D91E0E7}
	EndGlobalSection
EndGlobal
